github.com/yousinn/registry v0.0.0-20220816165338-4d3f46f40e03 h1:rZgkcTEdvlN89DQYqfI66GbrzPQzrBYIfxAyAOgZHP8=
github.com/yousinn/registry v0.0.0-20220816165338-4d3f46f40e03/go.mod h1:w5hB6xwxwHRyp2bK7zoT14z5lLeul/dfQnk32/HJVZ4=
golang.org/x/net v0.0.0-20220812174116-3211cb980234 h1:RDqmgfe7SvlMWoqC3xwQ2blLO3fcWcxMa3eBLRdRW7E=
golang.org/x/net v0.0.0-20220812174116-3211cb980234/go.mod h1:YDH+HFinaLZZlnHAfSS6ZXJJ9M9t4Dl22yv3iI2vPwk=
